{
    "_meta": {
        "hash": {
            "sha256": "98c48c1c190f40473dc797f9d8303b1733832e17a71456358d8b9a4bfc31f14f"
        },
        "pipfile-spec": 6,
        "requires": {
            "python_version": "2.7"
        },
        "sources": [
            {
                "name": "pypi",
                "url": "https://pypi.python.org/simple",
                "verify_ssl": true
            }
        ]
    },
    "default": {},
    "develop": {
        "ansible": {
            "hashes": [
                "sha256:c364ff5807cb88af29b161a3a1d88ff737f10b930a24be66d88769ee204f4536"
            ],
            "index": "pypi",
            "version": "==2.8.8"
        },
        "ansible-lint": {
            "hashes": [
                "sha256:b9fc9a6564f5d60a4284497f966f38ef78f0e2505edbe2bd1225f1ade31c2d8a",
                "sha256:eb925d8682d70563ccb80e2aca7b3edf84fb0b768cea3edc6846aac7abdc414a"
            ],
            "version": "==4.2.0"
        },
        "anyconfig": {
            "hashes": [
                "sha256:4d6016ae6eecc5e502bc7e99ae0639c5710c5c67bde5f21b06b9eaafd9ce0e7e"
            ],
            "version": "==0.9.7"
        },
        "arrow": {
            "hashes": [
                "sha256:5390e464e2c5f76971b60ffa7ee29c598c7501a294bc9f5e6dadcb251a5d027b",
                "sha256:70729bcc831da496ca3cb4b7e89472c8e2d27d398908155e0796179f6d2d41ee"
            ],
            "version": "==0.15.5"
        },
        "atomicwrites": {
            "hashes": [
                "sha256:03472c30eb2c5d1ba9227e4c2ca66ab8287fbfbbda3888aa93dc2e28fc6811b4",
                "sha256:75a9445bac02d8d058d5e1fe689654ba5a6556a1dfd8ce6ec55a0ed79866cfa6"
            ],
            "version": "==1.3.0"
        },
        "attrs": {
            "hashes": [
                "sha256:08a96c641c3a74e44eb59afb61a24f2cb9f4d7188748e76ba4bb5edfa3cb7d1c",
                "sha256:f7b7ce16570fe9965acd6d30101a28f62fb4a7f9e926b3bbc9b61f8b04247e72"
            ],
            "version": "==19.3.0"
        },
        "backports.functools-lru-cache": {
            "hashes": [
                "sha256:0bada4c2f8a43d533e4ecb7a12214d9420e66eb206d54bf2d682581ca4b80848",
                "sha256:8fde5f188da2d593bd5bc0be98d9abc46c95bb8a9dde93429570192ee6cc2d4a"
            ],
            "markers": "python_version == '2.7'",
            "version": "==1.6.1"
        },
        "backports.ssl-match-hostname": {
            "hashes": [
                "sha256:bb82e60f9fbf4c080eabd957c39f0641f0fc247d9a16e31e26d594d8f42b9fd2"
            ],
            "markers": "python_version < '3.5'",
            "version": "==3.7.0.1"
        },
        "binaryornot": {
            "hashes": [
                "sha256:359501dfc9d40632edc9fac890e19542db1a287bbcfa58175b66658392018061",
                "sha256:b8b71173c917bddcd2c16070412e369c3ed7f0528926f70cac18a6c97fd563e4"
            ],
            "version": "==0.4.4"
        },
        "cerberus": {
            "hashes": [
                "sha256:f5c2e048fb15ecb3c088d192164316093fcfa602a74b3386eefb2983aa7e800a"
            ],
            "version": "==1.2"
        },
        "certifi": {
            "hashes": [
                "sha256:017c25db2a153ce562900032d5bc68e9f191e44e9a0f762f373977de9df1fbb3",
                "sha256:25b64c7da4cd7479594d035c08c2d809eb4aab3a26e5a990ea98cc450c320f1f"
            ],
            "version": "==2019.11.28"
        },
        "cffi": {
            "hashes": [
                "sha256:001bf3242a1bb04d985d63e138230802c6c8d4db3668fb545fb5005ddf5bb5ff",
                "sha256:00789914be39dffba161cfc5be31b55775de5ba2235fe49aa28c148236c4e06b",
                "sha256:028a579fc9aed3af38f4892bdcc7390508adabc30c6af4a6e4f611b0c680e6ac",
                "sha256:14491a910663bf9f13ddf2bc8f60562d6bc5315c1f09c704937ef17293fb85b0",
                "sha256:1cae98a7054b5c9391eb3249b86e0e99ab1e02bb0cc0575da191aedadbdf4384",
                "sha256:2089ed025da3919d2e75a4d963d008330c96751127dd6f73c8dc0c65041b4c26",
                "sha256:2d384f4a127a15ba701207f7639d94106693b6cd64173d6c8988e2c25f3ac2b6",
                "sha256:337d448e5a725bba2d8293c48d9353fc68d0e9e4088d62a9571def317797522b",
                "sha256:399aed636c7d3749bbed55bc907c3288cb43c65c4389964ad5ff849b6370603e",
                "sha256:3b911c2dbd4f423b4c4fcca138cadde747abdb20d196c4a48708b8a2d32b16dd",
                "sha256:3d311bcc4a41408cf5854f06ef2c5cab88f9fded37a3b95936c9879c1640d4c2",
                "sha256:62ae9af2d069ea2698bf536dcfe1e4eed9090211dbaafeeedf5cb6c41b352f66",
                "sha256:66e41db66b47d0d8672d8ed2708ba91b2f2524ece3dee48b5dfb36be8c2f21dc",
                "sha256:675686925a9fb403edba0114db74e741d8181683dcf216be697d208857e04ca8",
                "sha256:7e63cbcf2429a8dbfe48dcc2322d5f2220b77b2e17b7ba023d6166d84655da55",
                "sha256:8a6c688fefb4e1cd56feb6c511984a6c4f7ec7d2a1ff31a10254f3c817054ae4",
                "sha256:8c0ffc886aea5df6a1762d0019e9cb05f825d0eec1f520c51be9d198701daee5",
                "sha256:95cd16d3dee553f882540c1ffe331d085c9e629499ceadfbda4d4fde635f4b7d",
                "sha256:99f748a7e71ff382613b4e1acc0ac83bf7ad167fb3802e35e90d9763daba4d78",
                "sha256:b8c78301cefcf5fd914aad35d3c04c2b21ce8629b5e4f4e45ae6812e461910fa",
                "sha256:c420917b188a5582a56d8b93bdd8e0f6eca08c84ff623a4c16e809152cd35793",
                "sha256:c43866529f2f06fe0edc6246eb4faa34f03fe88b64a0a9a942561c8e22f4b71f",
                "sha256:cab50b8c2250b46fe738c77dbd25ce017d5e6fb35d3407606e7a4180656a5a6a",
                "sha256:cef128cb4d5e0b3493f058f10ce32365972c554572ff821e175dbc6f8ff6924f",
                "sha256:cf16e3cf6c0a5fdd9bc10c21687e19d29ad1fe863372b5543deaec1039581a30",
                "sha256:e56c744aa6ff427a607763346e4170629caf7e48ead6921745986db3692f987f",
                "sha256:e577934fc5f8779c554639376beeaa5657d54349096ef24abe8c74c5d9c117c3",
                "sha256:f2b0fa0c01d8a0c7483afd9f31d7ecf2d71760ca24499c8697aeb5ca37dc090c"
            ],
            "version": "==1.14.0"
        },
        "chardet": {
            "hashes": [
                "sha256:84ab92ed1c4d4f16916e05906b6b75a6c0fb5db821cc65e70cbd64a3e2a5eaae",
                "sha256:fc323ffcaeaed0e0a02bf4d117757b98aed530d9ed4531e3e15460124c106691"
            ],
            "version": "==3.0.4"
        },
        "click": {
            "hashes": [
                "sha256:29f99fc6125fbc931b758dc053b3114e55c77a6e4c6c3a2674a2dc986016381d",
                "sha256:f15516df478d5a56180fbf80e68f206010e6d160fc39fa508b65e035fd75130b"
            ],
            "version": "==6.7"
        },
        "click-completion": {
            "hashes": [
                "sha256:7ca12978493a7450486cef155845af4fae48744c3f97b7250a254de65c9e5e5a"
            ],
            "version": "==0.3.1"
        },
        "colorama": {
            "hashes": [
                "sha256:463f8483208e921368c9f306094eb6f725c6ca42b0f97e313cb5d5512459feda",
                "sha256:48eb22f4f8461b1df5734a074b57042430fb06e1d61bd1e11b078c0fe6d7a1f1"
            ],
            "version": "==0.3.9"
        },
        "configparser": {
            "hashes": [
                "sha256:254c1d9c79f60c45dfde850850883d5aaa7f19a23f13561243a050d5a7c3fe4c",
                "sha256:c7d282687a5308319bf3d2e7706e575c635b0a470342641c93bea0ea3b5331df"
            ],
            "markers": "python_version < '3.2'",
            "version": "==4.0.2"
        },
        "contextlib2": {
            "hashes": [
                "sha256:01f490098c18b19d2bd5bb5dc445b2054d2fa97f09a4280ba2c5f3c394c8162e",
                "sha256:3355078a159fbb44ee60ea80abd0d87b80b78c248643b49aa6d94673b413609b"
            ],
            "markers": "python_version < '3.4'",
            "version": "==0.6.0.post1"
        },
        "cookiecutter": {
            "hashes": [
                "sha256:1316a52e1c1f08db0c9efbf7d876dbc01463a74b155a0d83e722be88beda9a3e",
                "sha256:ed8f54a8fc79b6864020d773ce11539b5f08e4617f353de1f22d23226f6a0d36"
            ],
            "version": "==1.6.0"
        },
        "cryptography": {
            "hashes": [
                "sha256:02079a6addc7b5140ba0825f542c0869ff4df9a69c360e339ecead5baefa843c",
                "sha256:1df22371fbf2004c6f64e927668734070a8953362cd8370ddd336774d6743595",
                "sha256:369d2346db5934345787451504853ad9d342d7f721ae82d098083e1f49a582ad",
                "sha256:3cda1f0ed8747339bbdf71b9f38ca74c7b592f24f65cdb3ab3765e4b02871651",
                "sha256:44ff04138935882fef7c686878e1c8fd80a723161ad6a98da31e14b7553170c2",
                "sha256:4b1030728872c59687badcca1e225a9103440e467c17d6d1730ab3d2d64bfeff",
                "sha256:58363dbd966afb4f89b3b11dfb8ff200058fbc3b947507675c19ceb46104b48d",
                "sha256:6ec280fb24d27e3d97aa731e16207d58bd8ae94ef6eab97249a2afe4ba643d42",
                "sha256:7270a6c29199adc1297776937a05b59720e8a782531f1f122f2eb8467f9aab4d",
                "sha256:73fd30c57fa2d0a1d7a49c561c40c2f79c7d6c374cc7750e9ac7c99176f6428e",
                "sha256:7f09806ed4fbea8f51585231ba742b58cbcfbfe823ea197d8c89a5e433c7e912",
                "sha256:90df0cc93e1f8d2fba8365fb59a858f51a11a394d64dbf3ef844f783844cc793",
                "sha256:971221ed40f058f5662a604bd1ae6e4521d84e6cad0b7b170564cc34169c8f13",
                "sha256:a518c153a2b5ed6b8cc03f7ae79d5ffad7315ad4569b2d5333a13c38d64bd8d7",
                "sha256:b0de590a8b0979649ebeef8bb9f54394d3a41f66c5584fff4220901739b6b2f0",
                "sha256:b43f53f29816ba1db8525f006fa6f49292e9b029554b3eb56a189a70f2a40879",
                "sha256:d31402aad60ed889c7e57934a03477b572a03af7794fa8fb1780f21ea8f6551f",
                "sha256:de96157ec73458a7f14e3d26f17f8128c959084931e8997b9e655a39c8fde9f9",
                "sha256:df6b4dca2e11865e6cfbfb708e800efb18370f5a46fd601d3755bc7f85b3a8a2",
                "sha256:ecadccc7ba52193963c0475ac9f6fa28ac01e01349a2ca48509667ef41ffd2cf",
                "sha256:fb81c17e0ebe3358486cd8cc3ad78adbae58af12fc2bf2bc0bb84e8090fa5ce8"
            ],
            "version": "==2.8"
        },
        "docker-py": {
            "hashes": [
                "sha256:35b506e95861914fa5ad57a6707e3217b4082843b883be246190f57013948aba",
                "sha256:4c2a75875764d38d67f87bc7d03f7443a3895704efc57962bdf6500b8d4bc415"
            ],
            "index": "pypi",
            "version": "==1.10.6"
        },
        "docker-pycreds": {
            "hashes": [
                "sha256:6ce3270bcaf404cc4c3e27e4b6c70d3521deae82fb508767870fdbf772d584d4",
                "sha256:7266112468627868005106ec19cd0d722702d2b7d5912a28e19b826c3d37af49"
            ],
            "version": "==0.4.0"
        },
        "entrypoints": {
            "hashes": [
                "sha256:589f874b313739ad35be6e0cd7efde2a4e9b6fea91edcc34e58ecbb8dbe56d19",
                "sha256:c70dd71abe5a8c85e55e12c19bd91ccfeec11a6e99044204511f9ed547d48451"
            ],
            "version": "==0.3"
        },
        "enum34": {
            "hashes": [
                "sha256:13ef9a1c478203252107f66c25b99b45b1865693ca1284aab40dafa7e1e7ac17",
                "sha256:708aabfb3d5898f99674c390d360d59efdd08547019763622365f19e84a7fef4",
                "sha256:98df1f1937840b7d8012fea7f0b36392a3e6fd8a2f429c48a3ff4b1aad907f3f"
            ],
            "markers": "python_version < '3.4'",
            "version": "==1.1.9"
        },
        "fasteners": {
            "hashes": [
                "sha256:007e4d2b2d4a10093f67e932e5166722d2eab83b77724156e92ad013c6226574",
                "sha256:3a176da6b70df9bb88498e1a18a9e4a8579ed5b9141207762368a1017bf8f5ef"
            ],
            "version": "==0.15"
        },
        "flake8": {
            "hashes": [
                "sha256:45681a117ecc81e870cbf1262835ae4af5e7a8b08e40b944a8a6e6b895914cfb",
                "sha256:49356e766643ad15072a789a20915d3c91dc89fd313ccd71802303fd67e4deca"
            ],
            "version": "==3.7.9"
        },
        "funcsigs": {
            "hashes": [
                "sha256:330cc27ccbf7f1e992e69fef78261dc7c6569012cf397db8d3de0234e6c937ca",
                "sha256:a7bb0f2cf3a3fd1ab2732cb49eba4252c2af4240442415b4abce3b87022a8f50"
            ],
            "markers": "python_version < '3.0'",
            "version": "==1.0.2"
        },
        "functools32": {
            "hashes": [
                "sha256:89d824aa6c358c421a234d7f9ee0bd75933a67c29588ce50aaa3acdf4d403fa0",
                "sha256:f6253dfbe0538ad2e387bd8fdfd9293c925d63553f5813c4e587745416501e6d"
            ],
            "markers": "python_version < '3.2'",
            "version": "==3.2.3.post2"
        },
        "future": {
            "hashes": [
                "sha256:b1bead90b70cf6ec3f0710ae53a525360fa360d306a86583adc6bf83a4db537d"
            ],
            "version": "==0.18.2"
        },
        "git-url-parse": {
            "hashes": [
                "sha256:4655ee22f1d8bf7a1eb1066c1da16529b186966c6d8331f7f55686a76a9f7aef",
                "sha256:7b5f4e3aeb1d693afeee67a3bd4ac063f7206c2e8e46e559f0da0da98445f117",
                "sha256:9353ff40d69488ff2299b27f40e0350ad87bd5348ea6ea09a1895eda9e5733de"
            ],
            "version": "==1.2.2"
        },
        "idna": {
            "hashes": [
                "sha256:156a6814fb5ac1fc6850fb002e0852d56c0c8d2531923a51032d1b70760e186e",
                "sha256:684a38a6f903c1d71d6d5fac066b58d7768af4de2b832e426ec79c30daa94a16"
            ],
            "version": "==2.7"
        },
        "importlib-metadata": {
            "hashes": [
                "sha256:06f5b3a99029c7134207dd882428a66992a9de2bef7c2b699b5641f9886c3302",
                "sha256:b97607a1a18a5100839aec1dc26a1ea17ee0d93b20b0f008d80a5a050afb200b"
            ],
            "markers": "python_version < '3.8'",
            "version": "==1.5.0"
        },
        "ipaddress": {
            "hashes": [
                "sha256:6e0f4a39e66cb5bb9a137b00276a2eff74f93b71dcbdad6f10ff7df9d3557fcc",
                "sha256:b7f8e0369580bb4a24d5ba1d7cc29660a4a6987763faf1d8a8046830e020e7e2"
            ],
            "markers": "python_version < '3'",
            "version": "==1.0.23"
        },
        "jinja2": {
            "hashes": [
                "sha256:74c935a1b8bb9a3947c50a54766a969d4846290e1e788ea44c1392163723c3bd",
                "sha256:f84be1bb0040caca4cea721fcbbbbd61f9be9464ca236387158b0feea01914a4"
            ],
            "version": "==2.10"
        },
        "jinja2-time": {
            "hashes": [
                "sha256:d14eaa4d315e7688daa4969f616f226614350c48730bfa1692d2caebd8c90d40",
                "sha256:d3eab6605e3ec8b7a0863df09cc1d23714908fa61aa6986a845c20ba488b4efa"
            ],
            "version": "==0.2.0"
        },
        "livereload": {
            "hashes": [
                "sha256:78d55f2c268a8823ba499305dcac64e28ddeb9a92571e12d543cd304faf5817b",
                "sha256:89254f78d7529d7ea0a3417d224c34287ebfe266b05e67e51facaf82c27f0f66"
            ],
            "version": "==2.6.1"
        },
        "markdown": {
            "hashes": [
                "sha256:2e50876bcdd74517e7b71f3e7a76102050edec255b3983403f1a63e7c8a41e7a",
                "sha256:56a46ac655704b91e5b7e6326ce43d5ef72411376588afa1dd90e881b83c7e8c"
            ],
            "version": "==3.1.1"
        },
        "markupsafe": {
            "hashes": [
                "sha256:00bc623926325b26bb9605ae9eae8a215691f33cae5df11ca5424f06f2d1f473",
                "sha256:09027a7803a62ca78792ad89403b1b7a73a01c8cb65909cd876f7fcebd79b161",
                "sha256:09c4b7f37d6c648cb13f9230d847adf22f8171b1ccc4d5682398e77f40309235",
                "sha256:1027c282dad077d0bae18be6794e6b6b8c91d58ed8a8d89a89d59693b9131db5",
                "sha256:13d3144e1e340870b25e7b10b98d779608c02016d5184cfb9927a9f10c689f42",
                "sha256:24982cc2533820871eba85ba648cd53d8623687ff11cbb805be4ff7b4c971aff",
                "sha256:29872e92839765e546828bb7754a68c418d927cd064fd4708fab9fe9c8bb116b",
                "sha256:43a55c2930bbc139570ac2452adf3d70cdbb3cfe5912c71cdce1c2c6bbd9c5d1",
                "sha256:46c99d2de99945ec5cb54f23c8cd5689f6d7177305ebff350a58ce5f8de1669e",
                "sha256:500d4957e52ddc3351cabf489e79c91c17f6e0899158447047588650b5e69183",
                "sha256:535f6fc4d397c1563d08b88e485c3496cf5784e927af890fb3c3aac7f933ec66",
                "sha256:596510de112c685489095da617b5bcbbac7dd6384aeebeda4df6025d0256a81b",
                "sha256:62fe6c95e3ec8a7fad637b7f3d372c15ec1caa01ab47926cfdf7a75b40e0eac1",
                "sha256:6788b695d50a51edb699cb55e35487e430fa21f1ed838122d722e0ff0ac5ba15",
                "sha256:6dd73240d2af64df90aa7c4e7481e23825ea70af4b4922f8ede5b9e35f78a3b1",
                "sha256:717ba8fe3ae9cc0006d7c451f0bb265ee07739daf76355d06366154ee68d221e",
                "sha256:79855e1c5b8da654cf486b830bd42c06e8780cea587384cf6545b7d9ac013a0b",
                "sha256:7c1699dfe0cf8ff607dbdcc1e9b9af1755371f92a68f706051cc8c37d447c905",
                "sha256:88e5fcfb52ee7b911e8bb6d6aa2fd21fbecc674eadd44118a9cc3863f938e735",
                "sha256:8defac2f2ccd6805ebf65f5eeb132adcf2ab57aa11fdf4c0dd5169a004710e7d",
                "sha256:98c7086708b163d425c67c7a91bad6e466bb99d797aa64f965e9d25c12111a5e",
                "sha256:9add70b36c5666a2ed02b43b335fe19002ee5235efd4b8a89bfcf9005bebac0d",
                "sha256:9bf40443012702a1d2070043cb6291650a0841ece432556f784f004937f0f32c",
                "sha256:ade5e387d2ad0d7ebf59146cc00c8044acbd863725f887353a10df825fc8ae21",
                "sha256:b00c1de48212e4cc9603895652c5c410df699856a2853135b3967591e4beebc2",
                "sha256:b1282f8c00509d99fef04d8ba936b156d419be841854fe901d8ae224c59f0be5",
                "sha256:b2051432115498d3562c084a49bba65d97cf251f5a331c64a12ee7e04dacc51b",
                "sha256:ba59edeaa2fc6114428f1637ffff42da1e311e29382d81b339c1817d37ec93c6",
                "sha256:c8716a48d94b06bb3b2524c2b77e055fb313aeb4ea620c8dd03a105574ba704f",
                "sha256:cd5df75523866410809ca100dc9681e301e3c27567cf498077e8551b6d20e42f",
                "sha256:cdb132fc825c38e1aeec2c8aa9338310d29d337bebbd7baa06889d09a60a1fa2",
                "sha256:e249096428b3ae81b08327a63a485ad0878de3fb939049038579ac0ef61e17e7",
                "sha256:e8313f01ba26fbbe36c7be1966a7b7424942f670f38e666995b88d012765b9be"
            ],
            "version": "==1.1.1"
        },
        "mccabe": {
            "hashes": [
                "sha256:ab8a6258860da4b6677da4bd2fe5dc2c659cff31b3ee4f7f5d64e79735b80d42",
                "sha256:dd8d182285a0fe56bace7f45b5e7d1a6ebcbf524e8f3bd87eb0f125271b8831f"
            ],
            "version": "==0.6.1"
        },
        "mkdocs": {
            "hashes": [
                "sha256:17d34329aad75d5de604b9ed4e31df3a4d235afefdc46ce7b1964fddb2e1e939",
                "sha256:8cc8b38325456b9e942c981a209eaeb1e9f3f77b493ad755bfef889b9c8d356a"
            ],
            "index": "pypi",
            "version": "==1.0.4"
        },
        "molecule": {
            "hashes": [
                "sha256:0e9ef6845cdf2a01f6c386445e4e54add3f515a033ee16b7b658e6122c8f0d76",
                "sha256:621797c54299775f284bbb010d5bb9be485500eecaaa14a476cbc0df285d0da7"
            ],
            "index": "pypi",
            "version": "==2.20.1"
        },
        "monotonic": {
            "hashes": [
                "sha256:23953d55076df038541e648a53676fb24980f7a1be290cdda21300b3bc21dfb0",
                "sha256:552a91f381532e33cbd07c6a2655a21908088962bb8fa7239ecbcc6ad1140cc7"
            ],
            "version": "==1.5"
        },
        "more-itertools": {
            "hashes": [
                "sha256:38a936c0a6d98a38bcc2d03fdaaedaba9f412879461dd2ceff8d37564d6522e4",
                "sha256:c0a5785b1109a6bd7fac76d6837fd1feca158e54e521ccd2ae8bfe393cc9d4fc",
                "sha256:fe7a7cae1ccb57d33952113ff4fa1bc5f879963600ed74918f1236e212ee50b9"
            ],
            "markers": "python_version <= '2.7'",
            "version": "==5.0.0"
        },
        "packaging": {
            "hashes": [
                "sha256:170748228214b70b672c581a3dd610ee51f733018650740e98c7df862a583f73",
                "sha256:e665345f9eef0c621aa0bf2f8d78cf6d21904eef16a93f020240b704a57f1334"
            ],
            "version": "==20.1"
        },
        "pathlib2": {
            "hashes": [
                "sha256:0ec8205a157c80d7acc301c0b18fbd5d44fe655968f5d947b6ecef5290fc35db",
                "sha256:6cd9a47b597b37cc57de1c05e56fb1a1c9cc9fab04fe78c29acd090418529868"
            ],
            "markers": "python_version < '3.2'",
            "version": "==2.3.5"
        },
        "pathspec": {
            "hashes": [
                "sha256:163b0632d4e31cef212976cf57b43d9fd6b0bac6e67c26015d611a647d5e7424",
                "sha256:562aa70af2e0d434367d9790ad37aed893de47f1693e4201fd1d3dca15d19b96"
            ],
            "version": "==0.7.0"
        },
        "pbr": {
            "hashes": [
                "sha256:f59d71442f9ece3dffc17bc36575768e1ee9967756e6b6535f0ee1f0054c3d68",
                "sha256:f6d5b23f226a2ba58e14e49aa3b1bfaf814d0199144b95d78458212444de1387"
            ],
            "version": "==5.1.1"
        },
        "pexpect": {
            "hashes": [
                "sha256:2a8e88259839571d1251d278476f3eec5db26deb73a70be5ed5dc5435e418aba",
                "sha256:3fbd41d4caf27fa4a377bfd16fef87271099463e6fa73e92a52f92dfee5d425b"
            ],
            "version": "==4.6.0"
        },
        "pluggy": {
            "hashes": [
                "sha256:15b2acde666561e1298d71b523007ed7364de07029219b604cf808bfa1c765b0",
                "sha256:966c145cd83c96502c3c3868f50408687b38434af77734af1e9ca461a4081d2d"
            ],
            "version": "==0.13.1"
        },
        "poyo": {
            "hashes": [
                "sha256:3e2ca8e33fdc3c411cd101ca395668395dd5dc7ac775b8e809e3def9f9fe041a",
                "sha256:e26956aa780c45f011ca9886f044590e2d8fd8b61db7b1c1cf4e0869f48ed4dd"
            ],
            "version": "==0.5.0"
        },
        "psutil": {
            "hashes": [
                "sha256:0ff2b16e9045d01edb1dd10d7fbcc184012e37f6cd38029e959f2be9c6223f50",
                "sha256:254adb6a27c888f141d2a6032ae231d8ed4fc5f7583b4c825e5f7d7c78d26d2e",
                "sha256:319e12f6bae4d4d988fbff3bed792953fa3b44c791f085b0a1a230f755671ef7",
                "sha256:529ae235896efb99a6f77653a7138273ab701ec9f0343a1f5030945108dee3c4",
                "sha256:686e5a35fe4c0acc25f3466c32e716f2d498aaae7b7edc03e2305b682226bcf6",
                "sha256:6d981b4d863b20c8ceed98b8ac3d1ca7f96d28707a80845d360fa69c8fc2c44b",
                "sha256:7789885a72aa3075d28d028236eb3f2b84d908f81d38ad41769a6ddc2fd81b7c",
                "sha256:7f4616bcb44a6afda930cfc40215e5e9fa7c6896e683b287c771c937712fbe2f",
                "sha256:7fdb3d02bfd68f508e6745021311a4a4dbfec53fca03721474e985f310e249ba",
                "sha256:a9b85b335b40a528a8e2a6b549592138de8429c6296e7361892958956e6a73cf",
                "sha256:dc85fad15ef98103ecc047a0d81b55bbf5fe1b03313b96e883acc2e2fa87ed5c"
            ],
            "version": "==5.4.6"
        },
        "ptyprocess": {
            "hashes": [
                "sha256:923f299cc5ad920c68f2bc0bc98b75b9f838b93b599941a6b63ddbc2476394c0",
                "sha256:d7cc528d76e76342423ca640335bd3633420dc1366f258cb31d05e865ef5ca1f"
            ],
            "version": "==0.6.0"
        },
        "py": {
            "hashes": [
                "sha256:5e27081401262157467ad6e7f851b7aa402c5852dbcb3dae06768434de5752aa",
                "sha256:c20fdd83a5dbc0af9efd622bee9a5564e278f6380fffcacc43ba6f43db2813b0"
            ],
            "version": "==1.8.1"
        },
        "pycodestyle": {
            "hashes": [
                "sha256:95a2219d12372f05704562a14ec30bc76b05a5b297b21a5dfe3f6fac3491ae56",
                "sha256:e40a936c9a450ad81df37f549d676d127b1b66000a6c500caa2b085bc0ca976c"
            ],
            "version": "==2.5.0"
        },
        "pycparser": {
            "hashes": [
                "sha256:a988718abfad80b6b157acce7bf130a30876d27603738ac39f140993246b25b3"
            ],
            "version": "==2.19"
        },
        "pyflakes": {
            "hashes": [
                "sha256:17dbeb2e3f4d772725c777fabc446d5634d1038f234e77343108ce445ea69ce0",
                "sha256:d976835886f8c5b31d47970ed689944a0262b5f3afa00a5a7b4dc81e5449f8a2"
            ],
            "version": "==2.1.1"
        },
        "pyparsing": {
            "hashes": [
                "sha256:4c830582a84fb022400b85429791bc551f1f4871c33f23e44f353119e92f969f",
                "sha256:c342dccb5250c08d45fd6f8b4a559613ca603b57498511740e65cd11a2e7dcec"
            ],
            "version": "==2.4.6"
        },
        "pytest": {
            "hashes": [
                "sha256:19e8f75eac01dd3f211edd465b39efbcbdc8fc5f7866d7dd49fedb30d8adf339",
                "sha256:c77a5f30a90e0ce24db9eaa14ddfd38d4afb5ea159309bdd2dae55b931bc9324"
            ],
            "version": "==4.6.9"
        },
        "python-dateutil": {
            "hashes": [
                "sha256:73ebfe9dbf22e832286dafa60473e4cd239f8592f699aa5adaf10050e6e1823c",
                "sha256:75bb3f31ea686f1197762692a9ee6a7550b59fc6ca3a1f4b5d7e32fb98e2da2a"
            ],
            "version": "==2.8.1"
        },
        "python-gilt": {
            "hashes": [
                "sha256:4fd58c128635d1f4a8c93305e648f23379ce56e23624e4c5479427fcd2d5656e",
                "sha256:c7321ef1a8efddbdef657b4fd21c3eaf1b4cb24a9656d97b73a444b1feb2067a",
                "sha256:e23a45a6905e6bb7aec3ff7652b48309933a6991fad4546d9e793ac7e0513f8a"
            ],
            "version": "==1.2.1"
        },
        "pyyaml": {
            "hashes": [
                "sha256:3d7da3009c0f3e783b2c873687652d83b1bbfd5c88e9813fb7e5b03c0dd3108b",
                "sha256:3ef3092145e9b70e3ddd2c7ad59bdd0252a94dfe3949721633e41344de00a6bf",
                "sha256:40c71b8e076d0550b2e6380bada1f1cd1017b882f7e16f09a65be98e017f211a",
                "sha256:558dd60b890ba8fd982e05941927a3911dc409a63dcb8b634feaa0cda69330d3",
                "sha256:a7c28b45d9f99102fa092bb213aa12e0aaf9a6a1f5e395d36166639c1f96c3a1",
                "sha256:aa7dd4a6a427aed7df6fb7f08a580d68d9b118d90310374716ae90b710280af1",
                "sha256:bc558586e6045763782014934bfaf39d48b8ae85a2713117d16c39864085c613",
                "sha256:d46d7982b62e0729ad0175a9bc7e10a566fc07b224d2c79fafb5e032727eaa04",
                "sha256:d5eef459e30b09f5a098b9cea68bebfeb268697f78d647bd255a085371ac7f3f",
                "sha256:e01d3203230e1786cd91ccfdc8f8454c8069c91bee3962ad93b87a4b2860f537",
                "sha256:e170a9e6fcfd19021dd29845af83bb79236068bf5fd4df3327c1be18182b2531"
            ],
            "version": "==3.13"
        },
        "requests": {
            "hashes": [
                "sha256:43999036bfa82904b6af1d99e4882b560e5e2c68e5c4b0aa03b655f3d7d73fee",
                "sha256:b3f43d496c6daba4493e7c431722aeb7dbc6288f52a6e04e7b6023b0247817e6"
            ],
            "version": "==2.23.0"
        },
        "ruamel.ordereddict": {
            "hashes": [
                "sha256:281051d26eb2b18ef3d920e1e260716a52bd058a6b1a2f324102fc6a15cb8d4a",
                "sha256:36fe0af3a02a0e1199447d050e6c3a1f5bd4c7d68e4c260f6a7a058fb4da71cb",
                "sha256:4375a70d5d217069a8349bf5fbc27aa4cf1aedfbf03ce94df113b75d22d1a1e2",
                "sha256:4cd0ec38dac57a4054dda14b0a5eea1a877dcc73106131ef08513fb89ba95a22",
                "sha256:4f641c4de9082866b9e88497ad8050dca38c5ddbb8cb7ae9316da9db257092b2",
                "sha256:7324310945c6b47218255b5d75ccbc74d435221c44652ec4406b1a871ddc3bc3"
            ],
            "markers": "platform_python_implementation == 'CPython' and python_version <= '2.7'",
            "version": "==0.4.14"
        },
        "ruamel.yaml": {
            "hashes": [
                "sha256:0962fd7999e064c4865f96fb1e23079075f4a2a14849bcdc5cdba53a24f9759b",
                "sha256:099c644a778bf72ffa00524f78dd0b6476bca94a1da344130f4bf3381ce5b954"
            ],
            "markers": "python_version < '3.7'",
            "version": "==0.16.10"
        },
        "ruamel.yaml.clib": {
            "hashes": [
                "sha256:1e77424825caba5553bbade750cec2277ef130647d685c2b38f68bc03453bac6",
                "sha256:392b7c371312abf27fb549ec2d5e0092f7ef6e6c9f767bfb13e83cb903aca0fd",
                "sha256:4d55386129291b96483edcb93b381470f7cd69f97585829b048a3d758d31210a",
                "sha256:550168c02d8de52ee58c3d8a8193d5a8a9491a5e7b2462d27ac5bf63717574c9",
                "sha256:57933a6986a3036257ad7bf283529e7c19c2810ff24c86f4a0cfeb49d2099919",
                "sha256:615b0396a7fad02d1f9a0dcf9f01202bf9caefee6265198f252c865f4227fcc6",
                "sha256:77556a7aa190be9a2bd83b7ee075d3df5f3c5016d395613671487e79b082d784",
                "sha256:7aee724e1ff424757b5bd8f6c5bbdb033a570b2b4683b17ace4dbe61a99a657b",
                "sha256:8073c8b92b06b572e4057b583c3d01674ceaf32167801fe545a087d7a1e8bf52",
                "sha256:9c6d040d0396c28d3eaaa6cb20152cb3b2f15adf35a0304f4f40a3cf9f1d2448",
                "sha256:a0ff786d2a7dbe55f9544b3f6ebbcc495d7e730df92a08434604f6f470b899c5",
                "sha256:b1b7fcee6aedcdc7e62c3a73f238b3d080c7ba6650cd808bce8d7761ec484070",
                "sha256:b66832ea8077d9b3f6e311c4a53d06273db5dc2db6e8a908550f3c14d67e718c",
                "sha256:be018933c2f4ee7de55e7bd7d0d801b3dfb09d21dad0cce8a97995fd3e44be30",
                "sha256:d0d3ac228c9bbab08134b4004d748cf9f8743504875b3603b3afbb97e3472947",
                "sha256:d10e9dd744cf85c219bf747c75194b624cc7a94f0c80ead624b06bfa9f61d3bc",
                "sha256:ea4362548ee0cbc266949d8a441238d9ad3600ca9910c3fe4e82ee3a50706973",
                "sha256:ed5b3698a2bb241b7f5cbbe277eaa7fe48b07a58784fba4f75224fd066d253ad",
                "sha256:f9dcc1ae73f36e8059589b601e8e4776b9976effd76c21ad6a855a74318efd6e"
            ],
            "markers": "platform_python_implementation == 'CPython' and python_version < '3.9'",
            "version": "==0.2.0"
        },
        "scandir": {
            "hashes": [
                "sha256:2586c94e907d99617887daed6c1d102b5ca28f1085f90446554abf1faf73123e",
                "sha256:2ae41f43797ca0c11591c0c35f2f5875fa99f8797cb1a1fd440497ec0ae4b022",
                "sha256:2b8e3888b11abb2217a32af0766bc06b65cc4a928d8727828ee68af5a967fa6f",
                "sha256:2c712840c2e2ee8dfaf36034080108d30060d759c7b73a01a52251cc8989f11f",
                "sha256:4d4631f6062e658e9007ab3149a9b914f3548cb38bfb021c64f39a025ce578ae",
                "sha256:67f15b6f83e6507fdc6fca22fedf6ef8b334b399ca27c6b568cbfaa82a364173",
                "sha256:7d2d7a06a252764061a020407b997dd036f7bd6a175a5ba2b345f0a357f0b3f4",
                "sha256:8c5922863e44ffc00c5c693190648daa6d15e7c1207ed02d6f46a8dcc2869d32",
                "sha256:92c85ac42f41ffdc35b6da57ed991575bdbe69db895507af88b9f499b701c188",
                "sha256:b24086f2375c4a094a6b51e78b4cf7ca16c721dcee2eddd7aa6494b42d6d519d",
                "sha256:cb925555f43060a1745d0a321cca94bcea927c50114b623d73179189a4e100ac"
            ],
            "markers": "python_version < '3.5'",
            "version": "==1.10.0"
        },
        "sh": {
            "hashes": [
                "sha256:ae3258c5249493cebe73cb4e18253a41ed69262484bad36fdb3efcb8ad8870bb",
                "sha256:b52bf5833ed01c7b5c5fb73a7f71b3d98d48e9b9b8764236237bdc7ecae850fc"
            ],
            "version": "==1.12.14"
        },
        "six": {
            "hashes": [
                "sha256:70e8a77beed4562e7f14fe23a786b54f6296e34344c23bc42f07b15018ff98e9",
                "sha256:832dc0e10feb1aa2c68dcc57dbb658f1c7e65b9b61af69048abc87a2db00a0eb"
            ],
            "version": "==1.11.0"
        },
        "tabulate": {
            "hashes": [
                "sha256:e4ca13f26d0a6be2a2915428dc21e732f1e44dad7f76d7030b2ef1ec251cf7f2"
            ],
            "version": "==0.8.2"
        },
        "testinfra": {
            "hashes": [
                "sha256:8dbbf25039674d419598f576c5652947cebdf7cbbea8f23acacc80271009c6cb",
                "sha256:d13dda899d5a051465f041a821363e2ebdd079391fbeae04089a2df7d35e3d54"
            ],
            "version": "==1.19.0"
        },
        "tornado": {
            "hashes": [
                "sha256:0662d28b1ca9f67108c7e3b77afabfb9c7e87bde174fbda78186ecedc2499a9d",
                "sha256:4e5158d97583502a7e2739951553cbd88a72076f152b4b11b64b9a10c4c49409",
                "sha256:732e836008c708de2e89a31cb2fa6c0e5a70cb60492bee6f1ea1047500feaf7f",
                "sha256:8154ec22c450df4e06b35f131adc4f2f3a12ec85981a203301d310abf580500f",
                "sha256:8e9d728c4579682e837c92fdd98036bd5cdefa1da2aaf6acf26947e6dd0c01c5",
                "sha256:d4b3e5329f572f055b587efc57d29bd051589fb5a43ec8898c77a47ec2fa2bbb",
                "sha256:e5f2585afccbff22390cddac29849df463b252b711aa2ce7c5f3f342a5b3b444"
            ],
            "index": "pypi",
            "version": "==5.1.1"
        },
        "tree-format": {
            "hashes": [
                "sha256:a538523aa78ae7a4b10003b04f3e1b37708e0e089d99c9d3b9e1c71384c9a7f9",
                "sha256:b5056228dbedde1fb81b79f71fb0c23c98e9d365230df9b29af76e8d8003de11"
            ],
            "version": "==0.1.2"
        },
        "typing": {
            "hashes": [
                "sha256:91dfe6f3f706ee8cc32d38edbbf304e9b7583fb37108fef38229617f8b3eba23",
                "sha256:c8cabb5ab8945cd2f54917be357d134db9cc1eb039e59d1606dc1e60cb1d9d36",
                "sha256:f38d83c5a7a7086543a0f649564d661859c5146a85775ab90c0d2f93ffaa9714"
            ],
            "markers": "python_version < '3.5'",
            "version": "==3.7.4.1"
        },
        "urllib3": {
            "hashes": [
                "sha256:2f3db8b19923a873b3e5256dc9c2dedfa883e33d87c690d9c7913e1f40673cdc",
                "sha256:87716c2d2a7121198ebcb7ce7cccf6ce5e9ba539041cfbaeecfb641dc0bf6acc"
            ],
            "version": "==1.25.8"
        },
        "wcwidth": {
            "hashes": [
                "sha256:8fd29383f539be45b20bd4df0dc29c20ba48654a41e661925e612311e9f3c603",
                "sha256:f28b3e8a6483e5d49e7f8949ac1a78314e740333ae305b4ba5defd3e74fb37a8"
            ],
            "version": "==0.1.8"
        },
        "websocket-client": {
            "hashes": [
                "sha256:0fc45c961324d79c781bab301359d5a1b00b13ad1b10415a4780229ef71a5549",
                "sha256:d735b91d6d1692a6a181f2a8c9e0238e5f6373356f561bb9dc4c7af36f452010"
            ],
            "version": "==0.57.0"
        },
        "whichcraft": {
            "hashes": [
                "sha256:acdbb91b63d6a15efbd6430d1d7b2d36e44a71697e93e19b7ded477afd9fce87",
                "sha256:deda9266fbb22b8c64fd3ee45c050d61139cd87419765f588e37c8d23e236dd9"
            ],
            "version": "==0.6.1"
        },
        "yamllint": {
            "hashes": [
                "sha256:7318e189027951983c3cb4d6bcaa1e75deef7c752320ca3ce84e407f2551e8ce",
                "sha256:76912b6262fd7e0815d7b14c4c2bb2642c754d0aa38f2d3e4b4e21c77872a3bf"
            ],
            "version": "==1.20.0"
        },
        "zipp": {
            "hashes": [
                "sha256:c70410551488251b0fee67b460fb9a536af8d6f9f008ad10ac51f615b6a521b1",
                "sha256:e0d9e63797e483a30d27e09fffd308c59a700d365ec34e93cc100844168bf921"
            ],
            "version": "==1.2.0"
        }
    }
}
